hash: b2db837419def5ea723830c034919757a801b60ae8f0a232c850920c0ee724e5
updated: 2016-12-26T17:09:07.456030381-08:00
imports:
- name: github.com/appscode/go
  version: 7995bcb0419b6ed977ca66d4482c3a625847270e
  subpackages:
  - flags
  - runtime
- name: github.com/appscode/log
  version: 3f1acdeb89863d101e1d5fc0fefb478b1e990b28
  subpackages:
  - golog
- name: github.com/go-macaron/inject
  version: d8a0b8677191f4380287cfebd08e462217bac7ad
- name: github.com/go-macaron/toolbox
  version: 99a42f20e9e88daec5c0d7beb4e7eac134680ab0
- name: github.com/golang/glog
  version: 44145f04b68cf362d9c4df2182967c2275eaefed
- name: github.com/golang/snappy
  version: d9eb7a3d35ec988b8585d4a0068e462c27d28380
- name: github.com/inconshreveable/mousetrap
  version: 76626ae9c91c4f2a10f34cad8ce83ea42c93bb75
- name: github.com/mikespook/golib
  version: 38fe6917d34b267a79c3432369e7dcc379e2d5b3
  subpackages:
  - autoinc
  - idgen
  - signal
- name: github.com/ngaut/stats
  version: 8564f986a400931e52c2261e4b784d812c854537
- name: github.com/spf13/cobra
  version: f62e98d28ab7ad31d707ba837a966378465c7b57
- name: github.com/spf13/pflag
  version: 5ccb023bc27df288a957c5e994cd44fd19619465
- name: github.com/syndtr/goleveldb
  version: 6b4daa5362b502898ddf367c5c11deb9e7a5c727
  subpackages:
  - leveldb
  - leveldb/cache
  - leveldb/comparer
  - leveldb/errors
  - leveldb/filter
  - leveldb/iterator
  - leveldb/journal
  - leveldb/memdb
  - leveldb/opt
  - leveldb/storage
  - leveldb/table
  - leveldb/util
- name: github.com/Unknwon/com
  version: 28b053d5a2923b87ce8c5a08f3af779894a72758
- name: gopkg.in/ini.v1
  version: 6e4869b434bd001f6983749881c7ead3545887d8
- name: gopkg.in/macaron.v1
  version: ddb19a9f3e8cedd44696b9dd5854dc8a43f3dd6c
- name: gopkg.in/mgo.v2
  version: 3f83fa5005286a7fe593b055f0d7771a7dce4655
  subpackages:
  - bson
  - internal/json
testImports: []
